
Microsoft Visual Studio Solution File, Format Version 12.00
# Visual Studio Version 16
VisualStudioVersion = 16.0.31624.102
MinimumVisualStudioVersion = 10.0.40219.1
Project("{FAE04EC0-301F-11D3-BF4B-00C04F79EFBC}") = "SignalR.WebApi", "SignalR.WebApi\SignalR.WebApi.csproj", "{D4156D67-E11C-4DDA-AFEF-F0F702815638}"
EndProject
Project("{FAE04EC0-301F-11D3-BF4B-00C04F79EFBC}") = "SignalR.WebMvc", "SignalR.WebMvc\SignalR.WebMvc.csproj", "{03422ED1-2D4F-40E7-A96A-592D2A1E833D}"
EndProject
Global
	GlobalSection(SolutionConfigurationPlatforms) = preSolution
		Debug|Any CPU = Debug|Any CPU
		Release|Any CPU = Release|Any CPU
	EndGlobalSection
	GlobalSection(ProjectConfigurationPlatforms) = postSolution
		{D4156D67-E11C-4DDA-AFEF-F0F702815638}.Debug|Any CPU.ActiveCfg = Debug|Any CPU
		{D4156D67-E11C-4DDA-AFEF-F0F702815638}.Debug|Any CPU.Build.0 = Debug|Any CPU
		{D4156D67-E11C-4DDA-AFEF-F0F702815638}.Release|Any CPU.ActiveCfg = Release|Any CPU
		{D4156D67-E11C-4DDA-AFEF-F0F702815638}.Release|Any CPU.Build.0 = Release|Any CPU
		{03422ED1-2D4F-40E7-A96A-592D2A1E833D}.Debug|Any CPU.ActiveCfg = Debug|Any CPU
		{03422ED1-2D4F-40E7-A96A-592D2A1E833D}.Debug|Any CPU.Build.0 = Debug|Any CPU
		{03422ED1-2D4F-40E7-A96A-592D2A1E833D}.Release|Any CPU.ActiveCfg = Release|Any CPU
		{03422ED1-2D4F-40E7-A96A-592D2A1E833D}.Release|Any CPU.Build.0 = Release|Any CPU
	EndGlobalSection
	GlobalSection(SolutionProperties) = preSolution
		HideSolutionNode = FALSE
	EndGlobalSection
	GlobalSection(ExtensibilityGlobals) = postSolution
		SolutionGuid = {044EBA42-DF37-4524-8194-79CDF310B529}
	EndGlobalSection
EndGlobal
